
Microsoft Visual Studio Solution File, Format Version 12.00
# Visual Studio Version 17
VisualStudioVersion = 17.10.34916.146
MinimumVisualStudioVersion = 17.10.34916.146
Project("{2150E333-8FDC-42A3-9474-1A3956D46DE8}") = "src", "src", "{F9D50B39-7ECA-4D16-ADB1-0C0AC5EF6F40}"
EndProject
Project("{FAE04EC0-301F-11D3-BF4B-00C04F79EFBC}") = "Mondongo.Iberico.Foundation", "src\Mondongo.Iberico.Foundation\Mondongo.Iberico.Foundation.csproj", "{19C9D739-089D-4A93-9F59-DFD2EF03C984}"
EndProject
Project("{2150E333-8FDC-42A3-9474-1A3956D46DE8}") = "tests", "tests", "{058084CC-41A7-4944-9466-A933DC174CBA}"
EndProject
Project("{FAE04EC0-301F-11D3-BF4B-00C04F79EFBC}") = "Mondongo.Iberico.Foundation.Tests", "tests\Mondongo.Iberico.Foundation.Tests\Mondongo.Iberico.Foundation.Tests.csproj", "{89F29F11-4AB2-402D-85E0-C511BC3835C9}"
EndProject
Project("{FAE04EC0-301F-11D3-BF4B-00C04F79EFBC}") = "Mondongo.Iberico.Extensions", "src\Mondongo.Iberico.Extensions\Mondongo.Iberico.Extensions.csproj", "{69366C6E-1074-43C8-A8A3-7C3A068F0335}"
EndProject
Project("{FAE04EC0-301F-11D3-BF4B-00C04F79EFBC}") = "Mondongo.Iberico.Extensions.Tests", "tests\Mondongo.Iberico.Extensions.Tests\Mondongo.Iberico.Extensions.Tests.csproj", "{C416BD91-9910-45CD-94A9-62A961F7766B}"
EndProject
Project("{FAE04EC0-301F-11D3-BF4B-00C04F79EFBC}") = "Mondongo.Iberico.Validations", "src\Mondongo.Iberico.Validations\Mondongo.Iberico.Validations.csproj", "{21A37659-66C6-41A7-AC6D-1783DD235EF9}"
EndProject
Project("{FAE04EC0-301F-11D3-BF4B-00C04F79EFBC}") = "Mondongo.Iberico.Validations.Tests", "tests\Mondongo.Iberico.Validations.Tests\Mondongo.Iberico.Validations.Tests.csproj", "{12F526C8-7A25-4E9B-B883-424A5AE40078}"
EndProject
Project("{FAE04EC0-301F-11D3-BF4B-00C04F79EFBC}") = "Mondongo.Iberico.Shared", "src\Mondongo.Iberico.Shared\Mondongo.Iberico.Shared.csproj", "{92AAB5E0-D9E1-4E8B-B8C0-150F79EC3C61}"
EndProject
Project("{FAE04EC0-301F-11D3-BF4B-00C04F79EFBC}") = "Mondongo.Bellotero.Domain.Abstractions", "src\Mondongo.Bellotero.Domain.Abstractions\Mondongo.Bellotero.Domain.Abstractions.csproj", "{13137129-9D3F-48AD-BF1D-3E15370F7CDB}"
EndProject
Project("{FAE04EC0-301F-11D3-BF4B-00C04F79EFBC}") = "Mondongo.Bellotero.Domain.Tests", "tests\Mondongo.Bellotero.Domain.Tests\Mondongo.Bellotero.Domain.Tests.csproj", "{37856D7C-0DD3-4327-BE0A-14219FE5E0C2}"
EndProject
Project("{FAE04EC0-301F-11D3-BF4B-00C04F79EFBC}") = "Mondongo.Iberico.IO", "src\Mondongo.Iberico.IO\Mondongo.Iberico.IO.csproj", "{9105A915-C0FF-4F76-82A5-696941F4E73F}"
EndProject
Project("{FAE04EC0-301F-11D3-BF4B-00C04F79EFBC}") = "Mondongo.Iberico.IO.Tests", "tests\Mondongo.Iberico.IO.Tests\Mondongo.Iberico.IO.Tests.csproj", "{F96E071F-F077-4A3D-9106-8CC1E79349F8}"
EndProject
Project("{FAE04EC0-301F-11D3-BF4B-00C04F79EFBC}") = "Mondongo.Bellotero.Domain.Dapper", "src\Mondongo.Bellotero.Domain.Dapper\Mondongo.Bellotero.Domain.Dapper.csproj", "{AEB1C2EA-5DAC-4B3C-9EFE-D3137F56EE84}"
EndProject
Project("{FAE04EC0-301F-11D3-BF4B-00C04F79EFBC}") = "Mondongo.Bellotero.Domain.EntityFramework", "src\Mondongo.Bellotero.Domain.EntityFramework\Mondongo.Bellotero.Domain.EntityFramework.csproj", "{B2198311-A503-4BE9-9616-FF86CC748A41}"
EndProject
Project("{FAE04EC0-301F-11D3-BF4B-00C04F79EFBC}") = "Mondongo.Bellotero.Domain.NHibernate", "src\Mondongo.Bellotero.Domain.NHibernate\Mondongo.Bellotero.Domain.NHibernate.csproj", "{0AD492CF-A0D0-4670-A79C-12F421B83269}"
EndProject
Global
	GlobalSection(SolutionConfigurationPlatforms) = preSolution
		Debug|Any CPU = Debug|Any CPU
		Release|Any CPU = Release|Any CPU
	EndGlobalSection
	GlobalSection(ProjectConfigurationPlatforms) = postSolution
		{19C9D739-089D-4A93-9F59-DFD2EF03C984}.Debug|Any CPU.ActiveCfg = Debug|Any CPU
		{19C9D739-089D-4A93-9F59-DFD2EF03C984}.Debug|Any CPU.Build.0 = Debug|Any CPU
		{19C9D739-089D-4A93-9F59-DFD2EF03C984}.Release|Any CPU.ActiveCfg = Release|Any CPU
		{19C9D739-089D-4A93-9F59-DFD2EF03C984}.Release|Any CPU.Build.0 = Release|Any CPU
		{89F29F11-4AB2-402D-85E0-C511BC3835C9}.Debug|Any CPU.ActiveCfg = Debug|Any CPU
		{89F29F11-4AB2-402D-85E0-C511BC3835C9}.Debug|Any CPU.Build.0 = Debug|Any CPU
		{89F29F11-4AB2-402D-85E0-C511BC3835C9}.Release|Any CPU.ActiveCfg = Release|Any CPU
		{89F29F11-4AB2-402D-85E0-C511BC3835C9}.Release|Any CPU.Build.0 = Release|Any CPU
		{69366C6E-1074-43C8-A8A3-7C3A068F0335}.Debug|Any CPU.ActiveCfg = Debug|Any CPU
		{69366C6E-1074-43C8-A8A3-7C3A068F0335}.Debug|Any CPU.Build.0 = Debug|Any CPU
		{69366C6E-1074-43C8-A8A3-7C3A068F0335}.Release|Any CPU.ActiveCfg = Release|Any CPU
		{69366C6E-1074-43C8-A8A3-7C3A068F0335}.Release|Any CPU.Build.0 = Release|Any CPU
		{C416BD91-9910-45CD-94A9-62A961F7766B}.Debug|Any CPU.ActiveCfg = Debug|Any CPU
		{C416BD91-9910-45CD-94A9-62A961F7766B}.Debug|Any CPU.Build.0 = Debug|Any CPU
		{C416BD91-9910-45CD-94A9-62A961F7766B}.Release|Any CPU.ActiveCfg = Release|Any CPU
		{C416BD91-9910-45CD-94A9-62A961F7766B}.Release|Any CPU.Build.0 = Release|Any CPU
		{21A37659-66C6-41A7-AC6D-1783DD235EF9}.Debug|Any CPU.ActiveCfg = Debug|Any CPU
		{21A37659-66C6-41A7-AC6D-1783DD235EF9}.Debug|Any CPU.Build.0 = Debug|Any CPU
		{21A37659-66C6-41A7-AC6D-1783DD235EF9}.Release|Any CPU.ActiveCfg = Release|Any CPU
		{21A37659-66C6-41A7-AC6D-1783DD235EF9}.Release|Any CPU.Build.0 = Release|Any CPU
		{12F526C8-7A25-4E9B-B883-424A5AE40078}.Debug|Any CPU.ActiveCfg = Debug|Any CPU
		{12F526C8-7A25-4E9B-B883-424A5AE40078}.Debug|Any CPU.Build.0 = Debug|Any CPU
		{12F526C8-7A25-4E9B-B883-424A5AE40078}.Release|Any CPU.ActiveCfg = Release|Any CPU
		{12F526C8-7A25-4E9B-B883-424A5AE40078}.Release|Any CPU.Build.0 = Release|Any CPU
		{92AAB5E0-D9E1-4E8B-B8C0-150F79EC3C61}.Debug|Any CPU.ActiveCfg = Debug|Any CPU
		{92AAB5E0-D9E1-4E8B-B8C0-150F79EC3C61}.Debug|Any CPU.Build.0 = Debug|Any CPU
		{92AAB5E0-D9E1-4E8B-B8C0-150F79EC3C61}.Release|Any CPU.ActiveCfg = Release|Any CPU
		{92AAB5E0-D9E1-4E8B-B8C0-150F79EC3C61}.Release|Any CPU.Build.0 = Release|Any CPU
		{13137129-9D3F-48AD-BF1D-3E15370F7CDB}.Debug|Any CPU.ActiveCfg = Debug|Any CPU
		{13137129-9D3F-48AD-BF1D-3E15370F7CDB}.Debug|Any CPU.Build.0 = Debug|Any CPU
		{13137129-9D3F-48AD-BF1D-3E15370F7CDB}.Release|Any CPU.ActiveCfg = Release|Any CPU
		{13137129-9D3F-48AD-BF1D-3E15370F7CDB}.Release|Any CPU.Build.0 = Release|Any CPU
		{37856D7C-0DD3-4327-BE0A-14219FE5E0C2}.Debug|Any CPU.ActiveCfg = Debug|Any CPU
		{37856D7C-0DD3-4327-BE0A-14219FE5E0C2}.Debug|Any CPU.Build.0 = Debug|Any CPU
		{37856D7C-0DD3-4327-BE0A-14219FE5E0C2}.Release|Any CPU.ActiveCfg = Release|Any CPU
		{37856D7C-0DD3-4327-BE0A-14219FE5E0C2}.Release|Any CPU.Build.0 = Release|Any CPU
		{9105A915-C0FF-4F76-82A5-696941F4E73F}.Debug|Any CPU.ActiveCfg = Debug|Any CPU
		{9105A915-C0FF-4F76-82A5-696941F4E73F}.Debug|Any CPU.Build.0 = Debug|Any CPU
		{9105A915-C0FF-4F76-82A5-696941F4E73F}.Release|Any CPU.ActiveCfg = Release|Any CPU
		{9105A915-C0FF-4F76-82A5-696941F4E73F}.Release|Any CPU.Build.0 = Release|Any CPU
		{F96E071F-F077-4A3D-9106-8CC1E79349F8}.Debug|Any CPU.ActiveCfg = Debug|Any CPU
		{F96E071F-F077-4A3D-9106-8CC1E79349F8}.Debug|Any CPU.Build.0 = Debug|Any CPU
		{F96E071F-F077-4A3D-9106-8CC1E79349F8}.Release|Any CPU.ActiveCfg = Release|Any CPU
		{F96E071F-F077-4A3D-9106-8CC1E79349F8}.Release|Any CPU.Build.0 = Release|Any CPU
		{AEB1C2EA-5DAC-4B3C-9EFE-D3137F56EE84}.Debug|Any CPU.ActiveCfg = Debug|Any CPU
		{AEB1C2EA-5DAC-4B3C-9EFE-D3137F56EE84}.Debug|Any CPU.Build.0 = Debug|Any CPU
		{AEB1C2EA-5DAC-4B3C-9EFE-D3137F56EE84}.Release|Any CPU.ActiveCfg = Release|Any CPU
		{AEB1C2EA-5DAC-4B3C-9EFE-D3137F56EE84}.Release|Any CPU.Build.0 = Release|Any CPU
		{B2198311-A503-4BE9-9616-FF86CC748A41}.Debug|Any CPU.ActiveCfg = Debug|Any CPU
		{B2198311-A503-4BE9-9616-FF86CC748A41}.Debug|Any CPU.Build.0 = Debug|Any CPU
		{B2198311-A503-4BE9-9616-FF86CC748A41}.Release|Any CPU.ActiveCfg = Release|Any CPU
		{B2198311-A503-4BE9-9616-FF86CC748A41}.Release|Any CPU.Build.0 = Release|Any CPU
		{0AD492CF-A0D0-4670-A79C-12F421B83269}.Debug|Any CPU.ActiveCfg = Debug|Any CPU
		{0AD492CF-A0D0-4670-A79C-12F421B83269}.Debug|Any CPU.Build.0 = Debug|Any CPU
		{0AD492CF-A0D0-4670-A79C-12F421B83269}.Release|Any CPU.ActiveCfg = Release|Any CPU
		{0AD492CF-A0D0-4670-A79C-12F421B83269}.Release|Any CPU.Build.0 = Release|Any CPU
	EndGlobalSection
	GlobalSection(SolutionProperties) = preSolution
		HideSolutionNode = FALSE
	EndGlobalSection
	GlobalSection(NestedProjects) = preSolution
		{19C9D739-089D-4A93-9F59-DFD2EF03C984} = {F9D50B39-7ECA-4D16-ADB1-0C0AC5EF6F40}
		{89F29F11-4AB2-402D-85E0-C511BC3835C9} = {058084CC-41A7-4944-9466-A933DC174CBA}
		{69366C6E-1074-43C8-A8A3-7C3A068F0335} = {F9D50B39-7ECA-4D16-ADB1-0C0AC5EF6F40}
		{C416BD91-9910-45CD-94A9-62A961F7766B} = {058084CC-41A7-4944-9466-A933DC174CBA}
		{21A37659-66C6-41A7-AC6D-1783DD235EF9} = {F9D50B39-7ECA-4D16-ADB1-0C0AC5EF6F40}
		{12F526C8-7A25-4E9B-B883-424A5AE40078} = {058084CC-41A7-4944-9466-A933DC174CBA}
		{92AAB5E0-D9E1-4E8B-B8C0-150F79EC3C61} = {F9D50B39-7ECA-4D16-ADB1-0C0AC5EF6F40}
		{13137129-9D3F-48AD-BF1D-3E15370F7CDB} = {F9D50B39-7ECA-4D16-ADB1-0C0AC5EF6F40}
		{37856D7C-0DD3-4327-BE0A-14219FE5E0C2} = {058084CC-41A7-4944-9466-A933DC174CBA}
		{9105A915-C0FF-4F76-82A5-696941F4E73F} = {F9D50B39-7ECA-4D16-ADB1-0C0AC5EF6F40}
		{F96E071F-F077-4A3D-9106-8CC1E79349F8} = {058084CC-41A7-4944-9466-A933DC174CBA}
		{AEB1C2EA-5DAC-4B3C-9EFE-D3137F56EE84} = {F9D50B39-7ECA-4D16-ADB1-0C0AC5EF6F40}
		{B2198311-A503-4BE9-9616-FF86CC748A41} = {F9D50B39-7ECA-4D16-ADB1-0C0AC5EF6F40}
		{0AD492CF-A0D0-4670-A79C-12F421B83269} = {F9D50B39-7ECA-4D16-ADB1-0C0AC5EF6F40}
	EndGlobalSection
	GlobalSection(ExtensibilityGlobals) = postSolution
		SolutionGuid = {C858837A-6ECB-495B-857D-A30015A549A6}
	EndGlobalSection
EndGlobal
